
Microsoft Visual Studio Solution File, Format Version 12.00
# Visual Studio 15
VisualStudioVersion = 15.0.26430.14
MinimumVisualStudioVersion = 10.0.40219.1
Project("{FAE04EC0-301F-11D3-BF4B-00C04F79EFBC}") = "04-Weather", "ConsoleApp1\04-Weather.csproj", "{068BEC9F-EB02-4157-946C-ED7368B9126F}"
EndProject
Project("{FAE04EC0-301F-11D3-BF4B-00C04F79EFBC}") = "03-CameraView", "03-CameraView\03-CameraView.csproj", "{860B55C1-941E-4A0F-BCCD-A1481D7AA6F2}"
EndProject
Project("{FAE04EC0-301F-11D3-BF4B-00C04F79EFBC}") = "05-KeyReplacer", "05-KeyReplacer\05-KeyReplacer.csproj", "{FFAF97D4-8A89-414F-A9CE-BA06BBA4981F}"
EndProject
Project("{FAE04EC0-301F-11D3-BF4B-00C04F79EFBC}") = "06-ValidUsernames", "06-ValidUsernames\06-ValidUsernames.csproj", "{0C3BA3F3-76C5-49C7-B654-BC87F88E6E9D}"
EndProject
Project("{FAE04EC0-301F-11D3-BF4B-00C04F79EFBC}") = "07-QueryMess", "07-QueryMess\07-QueryMess.csproj", "{2EC3A4FA-1B1E-432B-B2A4-C163EC38F6A6}"
EndProject
Project("{FAE04EC0-301F-11D3-BF4B-00C04F79EFBC}") = "08-UseYourChainsBuddy", "08-UseYourChainsBuddy\08-UseYourChainsBuddy.csproj", "{17783F0A-8C57-4F82-9730-B3062D6ABEF9}"
EndProject
Global
	GlobalSection(SolutionConfigurationPlatforms) = preSolution
		Debug|Any CPU = Debug|Any CPU
		Release|Any CPU = Release|Any CPU
	EndGlobalSection
	GlobalSection(ProjectConfigurationPlatforms) = postSolution
		{068BEC9F-EB02-4157-946C-ED7368B9126F}.Debug|Any CPU.ActiveCfg = Debug|Any CPU
		{068BEC9F-EB02-4157-946C-ED7368B9126F}.Debug|Any CPU.Build.0 = Debug|Any CPU
		{068BEC9F-EB02-4157-946C-ED7368B9126F}.Release|Any CPU.ActiveCfg = Release|Any CPU
		{068BEC9F-EB02-4157-946C-ED7368B9126F}.Release|Any CPU.Build.0 = Release|Any CPU
		{860B55C1-941E-4A0F-BCCD-A1481D7AA6F2}.Debug|Any CPU.ActiveCfg = Debug|Any CPU
		{860B55C1-941E-4A0F-BCCD-A1481D7AA6F2}.Debug|Any CPU.Build.0 = Debug|Any CPU
		{860B55C1-941E-4A0F-BCCD-A1481D7AA6F2}.Release|Any CPU.ActiveCfg = Release|Any CPU
		{860B55C1-941E-4A0F-BCCD-A1481D7AA6F2}.Release|Any CPU.Build.0 = Release|Any CPU
		{FFAF97D4-8A89-414F-A9CE-BA06BBA4981F}.Debug|Any CPU.ActiveCfg = Debug|Any CPU
		{FFAF97D4-8A89-414F-A9CE-BA06BBA4981F}.Debug|Any CPU.Build.0 = Debug|Any CPU
		{FFAF97D4-8A89-414F-A9CE-BA06BBA4981F}.Release|Any CPU.ActiveCfg = Release|Any CPU
		{FFAF97D4-8A89-414F-A9CE-BA06BBA4981F}.Release|Any CPU.Build.0 = Release|Any CPU
		{0C3BA3F3-76C5-49C7-B654-BC87F88E6E9D}.Debug|Any CPU.ActiveCfg = Debug|Any CPU
		{0C3BA3F3-76C5-49C7-B654-BC87F88E6E9D}.Debug|Any CPU.Build.0 = Debug|Any CPU
		{0C3BA3F3-76C5-49C7-B654-BC87F88E6E9D}.Release|Any CPU.ActiveCfg = Release|Any CPU
		{0C3BA3F3-76C5-49C7-B654-BC87F88E6E9D}.Release|Any CPU.Build.0 = Release|Any CPU
		{2EC3A4FA-1B1E-432B-B2A4-C163EC38F6A6}.Debug|Any CPU.ActiveCfg = Debug|Any CPU
		{2EC3A4FA-1B1E-432B-B2A4-C163EC38F6A6}.Debug|Any CPU.Build.0 = Debug|Any CPU
		{2EC3A4FA-1B1E-432B-B2A4-C163EC38F6A6}.Release|Any CPU.ActiveCfg = Release|Any CPU
		{2EC3A4FA-1B1E-432B-B2A4-C163EC38F6A6}.Release|Any CPU.Build.0 = Release|Any CPU
		{17783F0A-8C57-4F82-9730-B3062D6ABEF9}.Debug|Any CPU.ActiveCfg = Debug|Any CPU
		{17783F0A-8C57-4F82-9730-B3062D6ABEF9}.Debug|Any CPU.Build.0 = Debug|Any CPU
		{17783F0A-8C57-4F82-9730-B3062D6ABEF9}.Release|Any CPU.ActiveCfg = Release|Any CPU
		{17783F0A-8C57-4F82-9730-B3062D6ABEF9}.Release|Any CPU.Build.0 = Release|Any CPU
	EndGlobalSection
	GlobalSection(SolutionProperties) = preSolution
		HideSolutionNode = FALSE
	EndGlobalSection
EndGlobal
